
Microsoft Visual Studio Solution File, Format Version 12.00
# Visual Studio 15
VisualStudioVersion = 15.0.27004.2006
MinimumVisualStudioVersion = 10.0.40219.1
Project("{FAE04EC0-301F-11D3-BF4B-00C04F79EFBC}") = "TCPTeste", "TCPTeste\TCPTeste.csproj", "{A280DA38-71EE-401F-A9FB-BADE120D1379}"
EndProject
Global
	GlobalSection(SolutionConfigurationPlatforms) = preSolution
		Debug|Any CPU = Debug|Any CPU
		Release|Any CPU = Release|Any CPU
	EndGlobalSection
	GlobalSection(ProjectConfigurationPlatforms) = postSolution
		{A280DA38-71EE-401F-A9FB-BADE120D1379}.Debug|Any CPU.ActiveCfg = Debug|Any CPU
		{A280DA38-71EE-401F-A9FB-BADE120D1379}.Debug|Any CPU.Build.0 = Debug|Any CPU
		{A280DA38-71EE-401F-A9FB-BADE120D1379}.Release|Any CPU.ActiveCfg = Release|Any CPU
		{A280DA38-71EE-401F-A9FB-BADE120D1379}.Release|Any CPU.Build.0 = Release|Any CPU
	EndGlobalSection
	GlobalSection(SolutionProperties) = preSolution
		HideSolutionNode = FALSE
	EndGlobalSection
	GlobalSection(ExtensibilityGlobals) = postSolution
		SolutionGuid = {4B0F4C78-BDFF-4BE4-A80B-7F93D4B5B49A}
	EndGlobalSection
EndGlobal
